
Microsoft Visual Studio Solution File, Format Version 12.00
# Visual Studio Version 17
VisualStudioVersion = 17.11.35303.130
MinimumVisualStudioVersion = 10.0.40219.1
Project("{FAE04EC0-301F-11D3-BF4B-00C04F79EFBC}") = "actividad7B", "actividad7B.csproj", "{E132FB9E-8614-4872-82AD-F3236945DA84}"
EndProject
Global
	GlobalSection(SolutionConfigurationPlatforms) = preSolution
		Debug|Any CPU = Debug|Any CPU
		Release|Any CPU = Release|Any CPU
	EndGlobalSection
	GlobalSection(ProjectConfigurationPlatforms) = postSolution
		{E132FB9E-8614-4872-82AD-F3236945DA84}.Debug|Any CPU.ActiveCfg = Debug|Any CPU
		{E132FB9E-8614-4872-82AD-F3236945DA84}.Debug|Any CPU.Build.0 = Debug|Any CPU
		{E132FB9E-8614-4872-82AD-F3236945DA84}.Release|Any CPU.ActiveCfg = Release|Any CPU
		{E132FB9E-8614-4872-82AD-F3236945DA84}.Release|Any CPU.Build.0 = Release|Any CPU
	EndGlobalSection
	GlobalSection(SolutionProperties) = preSolution
		HideSolutionNode = FALSE
	EndGlobalSection
	GlobalSection(ExtensibilityGlobals) = postSolution
		SolutionGuid = {DE091050-D294-4F88-8253-AEFFE04D57E0}
	EndGlobalSection
EndGlobal
