
Microsoft Visual Studio Solution File, Format Version 12.00
# Visual Studio Version 17
VisualStudioVersion = 17.11.35303.130
MinimumVisualStudioVersion = 10.0.40219.1
Project("{FAE04EC0-301F-11D3-BF4B-00C04F79EFBC}") = "notasRandom", "notasRandom.csproj", "{352BF1C8-0167-43B3-AD4F-DA12C3E2286D}"
EndProject
Global
	GlobalSection(SolutionConfigurationPlatforms) = preSolution
		Debug|Any CPU = Debug|Any CPU
		Release|Any CPU = Release|Any CPU
	EndGlobalSection
	GlobalSection(ProjectConfigurationPlatforms) = postSolution
		{352BF1C8-0167-43B3-AD4F-DA12C3E2286D}.Debug|Any CPU.ActiveCfg = Debug|Any CPU
		{352BF1C8-0167-43B3-AD4F-DA12C3E2286D}.Debug|Any CPU.Build.0 = Debug|Any CPU
		{352BF1C8-0167-43B3-AD4F-DA12C3E2286D}.Release|Any CPU.ActiveCfg = Release|Any CPU
		{352BF1C8-0167-43B3-AD4F-DA12C3E2286D}.Release|Any CPU.Build.0 = Release|Any CPU
	EndGlobalSection
	GlobalSection(SolutionProperties) = preSolution
		HideSolutionNode = FALSE
	EndGlobalSection
	GlobalSection(ExtensibilityGlobals) = postSolution
		SolutionGuid = {1174A555-0C85-4887-A1C4-485BB849E55B}
	EndGlobalSection
EndGlobal
