
Microsoft Visual Studio Solution File, Format Version 12.00
# Visual Studio Version 17
VisualStudioVersion = 17.11.35303.130
MinimumVisualStudioVersion = 10.0.40219.1
Project("{FAE04EC0-301F-11D3-BF4B-00C04F79EFBC}") = "sumaBolEj12", "sumaBolEj12.csproj", "{629E3D3A-196B-4BDB-880C-0E56D126D20B}"
EndProject
Global
	GlobalSection(SolutionConfigurationPlatforms) = preSolution
		Debug|Any CPU = Debug|Any CPU
		Release|Any CPU = Release|Any CPU
	EndGlobalSection
	GlobalSection(ProjectConfigurationPlatforms) = postSolution
		{629E3D3A-196B-4BDB-880C-0E56D126D20B}.Debug|Any CPU.ActiveCfg = Debug|Any CPU
		{629E3D3A-196B-4BDB-880C-0E56D126D20B}.Debug|Any CPU.Build.0 = Debug|Any CPU
		{629E3D3A-196B-4BDB-880C-0E56D126D20B}.Release|Any CPU.ActiveCfg = Release|Any CPU
		{629E3D3A-196B-4BDB-880C-0E56D126D20B}.Release|Any CPU.Build.0 = Release|Any CPU
	EndGlobalSection
	GlobalSection(SolutionProperties) = preSolution
		HideSolutionNode = FALSE
	EndGlobalSection
	GlobalSection(ExtensibilityGlobals) = postSolution
		SolutionGuid = {0357492E-5655-4CC4-9C8F-A1EB74B29FA3}
	EndGlobalSection
EndGlobal
