
Microsoft Visual Studio Solution File, Format Version 12.00
# Visual Studio Version 17
VisualStudioVersion = 17.11.35303.130
MinimumVisualStudioVersion = 10.0.40219.1
Project("{FAE04EC0-301F-11D3-BF4B-00C04F79EFBC}") = "bluclesEj1", "bluclesEj1.csproj", "{E40367E5-8D7F-470F-9551-B83662AC2BC8}"
EndProject
Global
	GlobalSection(SolutionConfigurationPlatforms) = preSolution
		Debug|Any CPU = Debug|Any CPU
		Release|Any CPU = Release|Any CPU
	EndGlobalSection
	GlobalSection(ProjectConfigurationPlatforms) = postSolution
		{E40367E5-8D7F-470F-9551-B83662AC2BC8}.Debug|Any CPU.ActiveCfg = Debug|Any CPU
		{E40367E5-8D7F-470F-9551-B83662AC2BC8}.Debug|Any CPU.Build.0 = Debug|Any CPU
		{E40367E5-8D7F-470F-9551-B83662AC2BC8}.Release|Any CPU.ActiveCfg = Release|Any CPU
		{E40367E5-8D7F-470F-9551-B83662AC2BC8}.Release|Any CPU.Build.0 = Release|Any CPU
	EndGlobalSection
	GlobalSection(SolutionProperties) = preSolution
		HideSolutionNode = FALSE
	EndGlobalSection
	GlobalSection(ExtensibilityGlobals) = postSolution
		SolutionGuid = {D1D3AB13-DB62-4535-B503-7F7C7D833FFD}
	EndGlobalSection
EndGlobal
