
Microsoft Visual Studio Solution File, Format Version 12.00
# Visual Studio Version 17
VisualStudioVersion = 17.11.35303.130
MinimumVisualStudioVersion = 10.0.40219.1
Project("{FAE04EC0-301F-11D3-BF4B-00C04F79EFBC}") = "busquedaEjBol23", "busquedaEjBol23.csproj", "{FC09EF6B-FD10-46AE-9AB3-CBD1B60E517D}"
EndProject
Global
	GlobalSection(SolutionConfigurationPlatforms) = preSolution
		Debug|Any CPU = Debug|Any CPU
		Release|Any CPU = Release|Any CPU
	EndGlobalSection
	GlobalSection(ProjectConfigurationPlatforms) = postSolution
		{FC09EF6B-FD10-46AE-9AB3-CBD1B60E517D}.Debug|Any CPU.ActiveCfg = Debug|Any CPU
		{FC09EF6B-FD10-46AE-9AB3-CBD1B60E517D}.Debug|Any CPU.Build.0 = Debug|Any CPU
		{FC09EF6B-FD10-46AE-9AB3-CBD1B60E517D}.Release|Any CPU.ActiveCfg = Release|Any CPU
		{FC09EF6B-FD10-46AE-9AB3-CBD1B60E517D}.Release|Any CPU.Build.0 = Release|Any CPU
	EndGlobalSection
	GlobalSection(SolutionProperties) = preSolution
		HideSolutionNode = FALSE
	EndGlobalSection
	GlobalSection(ExtensibilityGlobals) = postSolution
		SolutionGuid = {D44CEBF2-6201-449D-BF96-ADDBD8FDC330}
	EndGlobalSection
EndGlobal
