
Microsoft Visual Studio Solution File, Format Version 12.00
# Visual Studio Version 17
VisualStudioVersion = 17.11.35303.130
MinimumVisualStudioVersion = 10.0.40219.1
Project("{FAE04EC0-301F-11D3-BF4B-00C04F79EFBC}") = "CalcularFactorial", "CalcularFactorial.csproj", "{995BEE0E-6808-4132-8C2A-2F78CE0C09DF}"
EndProject
Global
	GlobalSection(SolutionConfigurationPlatforms) = preSolution
		Debug|Any CPU = Debug|Any CPU
		Release|Any CPU = Release|Any CPU
	EndGlobalSection
	GlobalSection(ProjectConfigurationPlatforms) = postSolution
		{995BEE0E-6808-4132-8C2A-2F78CE0C09DF}.Debug|Any CPU.ActiveCfg = Debug|Any CPU
		{995BEE0E-6808-4132-8C2A-2F78CE0C09DF}.Debug|Any CPU.Build.0 = Debug|Any CPU
		{995BEE0E-6808-4132-8C2A-2F78CE0C09DF}.Release|Any CPU.ActiveCfg = Release|Any CPU
		{995BEE0E-6808-4132-8C2A-2F78CE0C09DF}.Release|Any CPU.Build.0 = Release|Any CPU
	EndGlobalSection
	GlobalSection(SolutionProperties) = preSolution
		HideSolutionNode = FALSE
	EndGlobalSection
	GlobalSection(ExtensibilityGlobals) = postSolution
		SolutionGuid = {8156DBDD-FA6D-4719-86FC-47CBE10ECFB0}
	EndGlobalSection
EndGlobal
