
Microsoft Visual Studio Solution File, Format Version 12.00
# Visual Studio Version 17
VisualStudioVersion = 17.11.35303.130
MinimumVisualStudioVersion = 10.0.40219.1
Project("{FAE04EC0-301F-11D3-BF4B-00C04F79EFBC}") = "Ej32Boletin", "Ej32Boletin.csproj", "{8195D1F1-A54F-4617-BDE1-47B1A3C0CC60}"
EndProject
Global
	GlobalSection(SolutionConfigurationPlatforms) = preSolution
		Debug|Any CPU = Debug|Any CPU
		Release|Any CPU = Release|Any CPU
	EndGlobalSection
	GlobalSection(ProjectConfigurationPlatforms) = postSolution
		{8195D1F1-A54F-4617-BDE1-47B1A3C0CC60}.Debug|Any CPU.ActiveCfg = Debug|Any CPU
		{8195D1F1-A54F-4617-BDE1-47B1A3C0CC60}.Debug|Any CPU.Build.0 = Debug|Any CPU
		{8195D1F1-A54F-4617-BDE1-47B1A3C0CC60}.Release|Any CPU.ActiveCfg = Release|Any CPU
		{8195D1F1-A54F-4617-BDE1-47B1A3C0CC60}.Release|Any CPU.Build.0 = Release|Any CPU
	EndGlobalSection
	GlobalSection(SolutionProperties) = preSolution
		HideSolutionNode = FALSE
	EndGlobalSection
	GlobalSection(ExtensibilityGlobals) = postSolution
		SolutionGuid = {989A375B-33B0-482D-B95E-FF228294D799}
	EndGlobalSection
EndGlobal
