
Microsoft Visual Studio Solution File, Format Version 12.00
# Visual Studio Version 17
VisualStudioVersion = 17.11.35303.130
MinimumVisualStudioVersion = 10.0.40219.1
Project("{FAE04EC0-301F-11D3-BF4B-00C04F79EFBC}") = "actividadPass", "actividadPass.csproj", "{900C9CAA-83C4-44F8-8F87-53E8A66A1EA2}"
EndProject
Global
	GlobalSection(SolutionConfigurationPlatforms) = preSolution
		Debug|Any CPU = Debug|Any CPU
		Release|Any CPU = Release|Any CPU
	EndGlobalSection
	GlobalSection(ProjectConfigurationPlatforms) = postSolution
		{900C9CAA-83C4-44F8-8F87-53E8A66A1EA2}.Debug|Any CPU.ActiveCfg = Debug|Any CPU
		{900C9CAA-83C4-44F8-8F87-53E8A66A1EA2}.Debug|Any CPU.Build.0 = Debug|Any CPU
		{900C9CAA-83C4-44F8-8F87-53E8A66A1EA2}.Release|Any CPU.ActiveCfg = Release|Any CPU
		{900C9CAA-83C4-44F8-8F87-53E8A66A1EA2}.Release|Any CPU.Build.0 = Release|Any CPU
	EndGlobalSection
	GlobalSection(SolutionProperties) = preSolution
		HideSolutionNode = FALSE
	EndGlobalSection
	GlobalSection(ExtensibilityGlobals) = postSolution
		SolutionGuid = {E26DDE7A-0F9E-4139-BA28-FC783AC33167}
	EndGlobalSection
EndGlobal
