
Microsoft Visual Studio Solution File, Format Version 12.00
# Visual Studio Version 17
VisualStudioVersion = 17.11.35303.130
MinimumVisualStudioVersion = 10.0.40219.1
Project("{FAE04EC0-301F-11D3-BF4B-00C04F79EFBC}") = "Ej6Bucles", "Ej6Bucles.csproj", "{F48330C2-C725-4F06-8B9A-A7035ABD4B6E}"
EndProject
Global
	GlobalSection(SolutionConfigurationPlatforms) = preSolution
		Debug|Any CPU = Debug|Any CPU
		Release|Any CPU = Release|Any CPU
	EndGlobalSection
	GlobalSection(ProjectConfigurationPlatforms) = postSolution
		{F48330C2-C725-4F06-8B9A-A7035ABD4B6E}.Debug|Any CPU.ActiveCfg = Debug|Any CPU
		{F48330C2-C725-4F06-8B9A-A7035ABD4B6E}.Debug|Any CPU.Build.0 = Debug|Any CPU
		{F48330C2-C725-4F06-8B9A-A7035ABD4B6E}.Release|Any CPU.ActiveCfg = Release|Any CPU
		{F48330C2-C725-4F06-8B9A-A7035ABD4B6E}.Release|Any CPU.Build.0 = Release|Any CPU
	EndGlobalSection
	GlobalSection(SolutionProperties) = preSolution
		HideSolutionNode = FALSE
	EndGlobalSection
	GlobalSection(ExtensibilityGlobals) = postSolution
		SolutionGuid = {C9149B4B-B5B0-46E4-864C-41AB3865BF9F}
	EndGlobalSection
EndGlobal
