
Microsoft Visual Studio Solution File, Format Version 12.00
# Visual Studio Version 17
VisualStudioVersion = 17.11.35303.130
MinimumVisualStudioVersion = 10.0.40219.1
Project("{FAE04EC0-301F-11D3-BF4B-00C04F79EFBC}") = "ej6bloque5", "ej6bloque5.csproj", "{22071DFD-B779-4766-93BC-0DC8FE22E7C9}"
EndProject
Global
	GlobalSection(SolutionConfigurationPlatforms) = preSolution
		Debug|Any CPU = Debug|Any CPU
		Release|Any CPU = Release|Any CPU
	EndGlobalSection
	GlobalSection(ProjectConfigurationPlatforms) = postSolution
		{22071DFD-B779-4766-93BC-0DC8FE22E7C9}.Debug|Any CPU.ActiveCfg = Debug|Any CPU
		{22071DFD-B779-4766-93BC-0DC8FE22E7C9}.Debug|Any CPU.Build.0 = Debug|Any CPU
		{22071DFD-B779-4766-93BC-0DC8FE22E7C9}.Release|Any CPU.ActiveCfg = Release|Any CPU
		{22071DFD-B779-4766-93BC-0DC8FE22E7C9}.Release|Any CPU.Build.0 = Release|Any CPU
	EndGlobalSection
	GlobalSection(SolutionProperties) = preSolution
		HideSolutionNode = FALSE
	EndGlobalSection
	GlobalSection(ExtensibilityGlobals) = postSolution
		SolutionGuid = {92DBB6CA-6227-4E5A-879D-53D3BFFE4CFB}
	EndGlobalSection
EndGlobal
