
Microsoft Visual Studio Solution File, Format Version 12.00
# Visual Studio Version 17
VisualStudioVersion = 17.11.35303.130
MinimumVisualStudioVersion = 10.0.40219.1
Project("{FAE04EC0-301F-11D3-BF4B-00C04F79EFBC}") = "ej11bolbloq2", "ej11bolbloq2.csproj", "{AF056693-6D4B-40F5-B8B1-2439EACE8B0F}"
EndProject
Global
	GlobalSection(SolutionConfigurationPlatforms) = preSolution
		Debug|Any CPU = Debug|Any CPU
		Release|Any CPU = Release|Any CPU
	EndGlobalSection
	GlobalSection(ProjectConfigurationPlatforms) = postSolution
		{AF056693-6D4B-40F5-B8B1-2439EACE8B0F}.Debug|Any CPU.ActiveCfg = Debug|Any CPU
		{AF056693-6D4B-40F5-B8B1-2439EACE8B0F}.Debug|Any CPU.Build.0 = Debug|Any CPU
		{AF056693-6D4B-40F5-B8B1-2439EACE8B0F}.Release|Any CPU.ActiveCfg = Release|Any CPU
		{AF056693-6D4B-40F5-B8B1-2439EACE8B0F}.Release|Any CPU.Build.0 = Release|Any CPU
	EndGlobalSection
	GlobalSection(SolutionProperties) = preSolution
		HideSolutionNode = FALSE
	EndGlobalSection
	GlobalSection(ExtensibilityGlobals) = postSolution
		SolutionGuid = {5345695F-DFC6-48DF-BC25-16D107656E81}
	EndGlobalSection
EndGlobal
