
Microsoft Visual Studio Solution File, Format Version 12.00
# Visual Studio Version 17
VisualStudioVersion = 17.11.35303.130
MinimumVisualStudioVersion = 10.0.40219.1
Project("{FAE04EC0-301F-11D3-BF4B-00C04F79EFBC}") = "copiaEj28Boletin", "copiaEj28Boletin.csproj", "{D611112F-D1E4-4748-85E9-9FB273FB192E}"
EndProject
Global
	GlobalSection(SolutionConfigurationPlatforms) = preSolution
		Debug|Any CPU = Debug|Any CPU
		Release|Any CPU = Release|Any CPU
	EndGlobalSection
	GlobalSection(ProjectConfigurationPlatforms) = postSolution
		{D611112F-D1E4-4748-85E9-9FB273FB192E}.Debug|Any CPU.ActiveCfg = Debug|Any CPU
		{D611112F-D1E4-4748-85E9-9FB273FB192E}.Debug|Any CPU.Build.0 = Debug|Any CPU
		{D611112F-D1E4-4748-85E9-9FB273FB192E}.Release|Any CPU.ActiveCfg = Release|Any CPU
		{D611112F-D1E4-4748-85E9-9FB273FB192E}.Release|Any CPU.Build.0 = Release|Any CPU
	EndGlobalSection
	GlobalSection(SolutionProperties) = preSolution
		HideSolutionNode = FALSE
	EndGlobalSection
	GlobalSection(ExtensibilityGlobals) = postSolution
		SolutionGuid = {1802C4CD-7ECE-4F85-9816-0E25BDFAD9B3}
	EndGlobalSection
EndGlobal
