
Microsoft Visual Studio Solution File, Format Version 12.00
# Visual Studio Version 17
VisualStudioVersion = 17.11.35303.130
MinimumVisualStudioVersion = 10.0.40219.1
Project("{FAE04EC0-301F-11D3-BF4B-00C04F79EFBC}") = "problemaEj31Boletin", "problemaEj31Boletin.csproj", "{434AFE5E-035B-46CD-B87D-7003316A1598}"
EndProject
Global
	GlobalSection(SolutionConfigurationPlatforms) = preSolution
		Debug|Any CPU = Debug|Any CPU
		Release|Any CPU = Release|Any CPU
	EndGlobalSection
	GlobalSection(ProjectConfigurationPlatforms) = postSolution
		{434AFE5E-035B-46CD-B87D-7003316A1598}.Debug|Any CPU.ActiveCfg = Debug|Any CPU
		{434AFE5E-035B-46CD-B87D-7003316A1598}.Debug|Any CPU.Build.0 = Debug|Any CPU
		{434AFE5E-035B-46CD-B87D-7003316A1598}.Release|Any CPU.ActiveCfg = Release|Any CPU
		{434AFE5E-035B-46CD-B87D-7003316A1598}.Release|Any CPU.Build.0 = Release|Any CPU
	EndGlobalSection
	GlobalSection(SolutionProperties) = preSolution
		HideSolutionNode = FALSE
	EndGlobalSection
	GlobalSection(ExtensibilityGlobals) = postSolution
		SolutionGuid = {FCACE4C4-98A3-497B-84E4-9F714D7228FB}
	EndGlobalSection
EndGlobal
