
Microsoft Visual Studio Solution File, Format Version 12.00
# Visual Studio Version 17
VisualStudioVersion = 17.11.35303.130
MinimumVisualStudioVersion = 10.0.40219.1
Project("{FAE04EC0-301F-11D3-BF4B-00C04F79EFBC}") = "actividad7A", "actividad7A.csproj", "{1B568F4D-3360-4A0F-8972-3B59DDAF21E5}"
EndProject
Global
	GlobalSection(SolutionConfigurationPlatforms) = preSolution
		Debug|Any CPU = Debug|Any CPU
		Release|Any CPU = Release|Any CPU
	EndGlobalSection
	GlobalSection(ProjectConfigurationPlatforms) = postSolution
		{1B568F4D-3360-4A0F-8972-3B59DDAF21E5}.Debug|Any CPU.ActiveCfg = Debug|Any CPU
		{1B568F4D-3360-4A0F-8972-3B59DDAF21E5}.Debug|Any CPU.Build.0 = Debug|Any CPU
		{1B568F4D-3360-4A0F-8972-3B59DDAF21E5}.Release|Any CPU.ActiveCfg = Release|Any CPU
		{1B568F4D-3360-4A0F-8972-3B59DDAF21E5}.Release|Any CPU.Build.0 = Release|Any CPU
	EndGlobalSection
	GlobalSection(SolutionProperties) = preSolution
		HideSolutionNode = FALSE
	EndGlobalSection
	GlobalSection(ExtensibilityGlobals) = postSolution
		SolutionGuid = {4289CA9D-2E5B-499E-BE1A-3D9EF470A32B}
	EndGlobalSection
EndGlobal
