
Microsoft Visual Studio Solution File, Format Version 12.00
# Visual Studio Version 17
VisualStudioVersion = 17.11.35303.130
MinimumVisualStudioVersion = 10.0.40219.1
Project("{FAE04EC0-301F-11D3-BF4B-00C04F79EFBC}") = "creacionEInicializacionArrays", "creacionEInicializacionArrays.csproj", "{B0D710A4-757B-49DE-9370-47ADA430379D}"
EndProject
Global
	GlobalSection(SolutionConfigurationPlatforms) = preSolution
		Debug|Any CPU = Debug|Any CPU
		Release|Any CPU = Release|Any CPU
	EndGlobalSection
	GlobalSection(ProjectConfigurationPlatforms) = postSolution
		{B0D710A4-757B-49DE-9370-47ADA430379D}.Debug|Any CPU.ActiveCfg = Debug|Any CPU
		{B0D710A4-757B-49DE-9370-47ADA430379D}.Debug|Any CPU.Build.0 = Debug|Any CPU
		{B0D710A4-757B-49DE-9370-47ADA430379D}.Release|Any CPU.ActiveCfg = Release|Any CPU
		{B0D710A4-757B-49DE-9370-47ADA430379D}.Release|Any CPU.Build.0 = Release|Any CPU
	EndGlobalSection
	GlobalSection(SolutionProperties) = preSolution
		HideSolutionNode = FALSE
	EndGlobalSection
	GlobalSection(ExtensibilityGlobals) = postSolution
		SolutionGuid = {553178E7-3F76-4938-8B2F-1841466F904F}
	EndGlobalSection
EndGlobal
